# This file is automatically @generated by Cargo.
# It is not intended for manual editing.
version = 4

[[package]]
name = "shp_decoder"
version = "0.1.0"
dependencies = [
 "windows-reactor",
 "windows-reactor-setup",
]

[[package]]
name = "windows-reactor"
version = "0.0.0"
source = "registry+https://github.com/rust-lang/crates.io-index"
checksum = "50439935db1c1db2ac55624aec6b0911939cb231b51d1b0fe796204700d9641e"

[[package]]
name = "windows-reactor-setup"
version = "0.0.0"
source = "registry+https://github.com/rust-lang/crates.io-index"
checksum = "af79be1d3796105ec663807ea87798624e16619031925de3d760ebd1bb04410c"
